
Microsoft Visual Studio Solution File, Format Version 12.00
# Visual Studio Version 17
VisualStudioVersion = 17.7.34202.233
MinimumVisualStudioVersion = 10.0.40219.1
Project("{FAE04EC0-301F-11D3-BF4B-00C04F79EFBC}") = "CalculatorWPF", "CalculatorWPF\CalculatorWPF.csproj", "{531E9FA7-7FF2-4BD2-A604-AFD52EC8759C}"
EndProject
Global
	GlobalSection(SolutionConfigurationPlatforms) = preSolution
		Debug|Any CPU = Debug|Any CPU
		Release|Any CPU = Release|Any CPU
	EndGlobalSection
	GlobalSection(ProjectConfigurationPlatforms) = postSolution
		{531E9FA7-7FF2-4BD2-A604-AFD52EC8759C}.Debug|Any CPU.ActiveCfg = Debug|Any CPU
		{531E9FA7-7FF2-4BD2-A604-AFD52EC8759C}.Debug|Any CPU.Build.0 = Debug|Any CPU
		{531E9FA7-7FF2-4BD2-A604-AFD52EC8759C}.Release|Any CPU.ActiveCfg = Release|Any CPU
		{531E9FA7-7FF2-4BD2-A604-AFD52EC8759C}.Release|Any CPU.Build.0 = Release|Any CPU
	EndGlobalSection
	GlobalSection(SolutionProperties) = preSolution
		HideSolutionNode = FALSE
	EndGlobalSection
	GlobalSection(ExtensibilityGlobals) = postSolution
		SolutionGuid = {D8E07975-5D01-4AED-9162-64F047DEAE99}
	EndGlobalSection
EndGlobal
